
Microsoft Visual Studio Solution File, Format Version 12.00
Project("{FAE04EC0-301F-11D3-BF4B-00C04F79EFBC}") = "Converted", "Converted\Converted.csproj", "{E8A47CDA-E42C-4199-8250-C3B90B11E97A}"
EndProject
Project("{FAE04EC0-301F-11D3-BF4B-00C04F79EFBC}") = "Converted.Tests", "Converted.Tests\Converted.Tests.csproj", "{A6E3A7D8-E3E6-48BE-93F0-C6521B26B848}"
EndProject
Project("{FAE04EC0-301F-11D3-BF4B-00C04F79EFBC}") = "Converted.Adapter.Newtonsoft.Json", "Converted.Adapter.Newtonsoft.Json\Converted.Adapter.Newtonsoft.Json.csproj", "{50AFB66F-E5FC-4766-9299-77CDD9BD6CD1}"
EndProject
Project("{FAE04EC0-301F-11D3-BF4B-00C04F79EFBC}") = "Converted.Adapter.Newtonsoft.Json.Tests", "Converted.Adapter.Newtonsoft.Json.Tests\Converted.Adapter.Newtonsoft.Json.Tests.csproj", "{88A88C9C-6CC1-4A25-A412-64342421CE3C}"
EndProject
Project("{2150E333-8FDC-42A3-9474-1A3956D46DE8}") = "Solution Items", "Solution Items", "{A120F933-E650-4C0F-B6F3-E18D2E790CE7}"
ProjectSection(SolutionItems) = preProject
	.editorconfig = .editorconfig
	.gitattributes = .gitattributes
	.gitignore = .gitignore
	build.bat = build.bat
	LICENSE.md = LICENSE.md
	README.md = README.md
	release.bat = release.bat
EndProjectSection
EndProject
Global
	GlobalSection(SolutionConfigurationPlatforms) = preSolution
		Debug|Any CPU = Debug|Any CPU
		Release|Any CPU = Release|Any CPU
	EndGlobalSection
	GlobalSection(ProjectConfigurationPlatforms) = postSolution
		{E8A47CDA-E42C-4199-8250-C3B90B11E97A}.Debug|Any CPU.ActiveCfg = Debug|Any CPU
		{E8A47CDA-E42C-4199-8250-C3B90B11E97A}.Debug|Any CPU.Build.0 = Debug|Any CPU
		{E8A47CDA-E42C-4199-8250-C3B90B11E97A}.Release|Any CPU.ActiveCfg = Release|Any CPU
		{E8A47CDA-E42C-4199-8250-C3B90B11E97A}.Release|Any CPU.Build.0 = Release|Any CPU
		{A6E3A7D8-E3E6-48BE-93F0-C6521B26B848}.Debug|Any CPU.ActiveCfg = Debug|Any CPU
		{A6E3A7D8-E3E6-48BE-93F0-C6521B26B848}.Debug|Any CPU.Build.0 = Debug|Any CPU
		{A6E3A7D8-E3E6-48BE-93F0-C6521B26B848}.Release|Any CPU.ActiveCfg = Release|Any CPU
		{A6E3A7D8-E3E6-48BE-93F0-C6521B26B848}.Release|Any CPU.Build.0 = Release|Any CPU
		{50AFB66F-E5FC-4766-9299-77CDD9BD6CD1}.Debug|Any CPU.ActiveCfg = Debug|Any CPU
		{50AFB66F-E5FC-4766-9299-77CDD9BD6CD1}.Debug|Any CPU.Build.0 = Debug|Any CPU
		{50AFB66F-E5FC-4766-9299-77CDD9BD6CD1}.Release|Any CPU.ActiveCfg = Release|Any CPU
		{50AFB66F-E5FC-4766-9299-77CDD9BD6CD1}.Release|Any CPU.Build.0 = Release|Any CPU
		{88A88C9C-6CC1-4A25-A412-64342421CE3C}.Debug|Any CPU.ActiveCfg = Debug|Any CPU
		{88A88C9C-6CC1-4A25-A412-64342421CE3C}.Debug|Any CPU.Build.0 = Debug|Any CPU
		{88A88C9C-6CC1-4A25-A412-64342421CE3C}.Release|Any CPU.ActiveCfg = Release|Any CPU
		{88A88C9C-6CC1-4A25-A412-64342421CE3C}.Release|Any CPU.Build.0 = Release|Any CPU
	EndGlobalSection
EndGlobal
